
Microsoft Visual Studio Solution File, Format Version 12.00
# Visual Studio Version 17
VisualStudioVersion = 17.4.33213.308
MinimumVisualStudioVersion = 10.0.40219.1
Project("{FAE04EC0-301F-11D3-BF4B-00C04F79EFBC}") = "SistemaBancarioExemplo", "SistemaBancarioExemplo\SistemaBancarioExemplo.csproj", "{D787B06B-0A9B-415A-B454-7C9E7D5DB724}"
EndProject
Global
	GlobalSection(SolutionConfigurationPlatforms) = preSolution
		Debug|Any CPU = Debug|Any CPU
		Release|Any CPU = Release|Any CPU
	EndGlobalSection
	GlobalSection(ProjectConfigurationPlatforms) = postSolution
		{D787B06B-0A9B-415A-B454-7C9E7D5DB724}.Debug|Any CPU.ActiveCfg = Debug|Any CPU
		{D787B06B-0A9B-415A-B454-7C9E7D5DB724}.Debug|Any CPU.Build.0 = Debug|Any CPU
		{D787B06B-0A9B-415A-B454-7C9E7D5DB724}.Release|Any CPU.ActiveCfg = Release|Any CPU
		{D787B06B-0A9B-415A-B454-7C9E7D5DB724}.Release|Any CPU.Build.0 = Release|Any CPU
	EndGlobalSection
	GlobalSection(SolutionProperties) = preSolution
		HideSolutionNode = FALSE
	EndGlobalSection
	GlobalSection(ExtensibilityGlobals) = postSolution
		SolutionGuid = {1BA49910-DF0A-4C2F-8264-E46D301A200E}
	EndGlobalSection
EndGlobal
